
Microsoft Visual Studio Solution File, Format Version 12.00
# Visual Studio Version 17
VisualStudioVersion = 17.7.34221.43
MinimumVisualStudioVersion = 10.0.40219.1
Project("{FAE04EC0-301F-11D3-BF4B-00C04F79EFBC}") = "Samochodzik", "Samochodzik.csproj", "{8E31AF18-1D53-4346-9250-1A0D2CDF1EEB}"
EndProject
Global
	GlobalSection(SolutionConfigurationPlatforms) = preSolution
		Debug|Any CPU = Debug|Any CPU
		Release|Any CPU = Release|Any CPU
	EndGlobalSection
	GlobalSection(ProjectConfigurationPlatforms) = postSolution
		{8E31AF18-1D53-4346-9250-1A0D2CDF1EEB}.Debug|Any CPU.ActiveCfg = Debug|Any CPU
		{8E31AF18-1D53-4346-9250-1A0D2CDF1EEB}.Debug|Any CPU.Build.0 = Debug|Any CPU
		{8E31AF18-1D53-4346-9250-1A0D2CDF1EEB}.Release|Any CPU.ActiveCfg = Release|Any CPU
		{8E31AF18-1D53-4346-9250-1A0D2CDF1EEB}.Release|Any CPU.Build.0 = Release|Any CPU
	EndGlobalSection
	GlobalSection(SolutionProperties) = preSolution
		HideSolutionNode = FALSE
	EndGlobalSection
	GlobalSection(ExtensibilityGlobals) = postSolution
		SolutionGuid = {09882A14-8C7C-43D7-9E3C-ED6AE4DF266E}
	EndGlobalSection
EndGlobal
